
Microsoft Visual Studio Solution File, Format Version 12.00
# Visual Studio Version 16
VisualStudioVersion = 16.0.29418.71
MinimumVisualStudioVersion = 10.0.40219.1
Project("{9A19103F-16F7-4668-BE54-9A1E7A4F7556}") = "Matrices", "Matrices\Matrices.csproj", "{DD507DF2-04AD-4016-AC47-A5FBC3010424}"
EndProject
Project("{9A19103F-16F7-4668-BE54-9A1E7A4F7556}") = "Vectors", "Vectors\Vectors.csproj", "{6BCEE51D-A529-42CD-9A3C-D40C8B5D3511}"
EndProject
Project("{9A19103F-16F7-4668-BE54-9A1E7A4F7556}") = "Main", "Main\Main.csproj", "{8638467A-16FD-41FA-B5C9-7ADB221A31CB}"
EndProject
Project("{FAE04EC0-301F-11D3-BF4B-00C04F79EFBC}") = "SynchronousServerSocket", "SynchronousServerSocket\SynchronousServerSocket.csproj", "{EBAE7CB5-4133-47BD-8020-A393633088CA}"
EndProject
Project("{FAE04EC0-301F-11D3-BF4B-00C04F79EFBC}") = "SynchronousClientSocket", "SynchronoushClientSocket\SynchronousClientSocket.csproj", "{A1A2A67C-4286-448C-86C4-5FE13AA47C38}"
EndProject
Project("{FAE04EC0-301F-11D3-BF4B-00C04F79EFBC}") = "MultiThreadingFileUpdate", "MultiThreadingFileUpdate\MultiThreadingFileUpdate.csproj", "{2DD59568-7198-456C-A84F-3CC912A0A78E}"
EndProject
Project("{9A19103F-16F7-4668-BE54-9A1E7A4F7556}") = "FileCleaning", "FileCleaning\FileCleaning.csproj", "{6B53BB2B-0DC0-45E5-ABDE-EFE384829E98}"
EndProject
Project("{9A19103F-16F7-4668-BE54-9A1E7A4F7556}") = "FileSimiliarity", "FileSimiliarity\FileSimiliarity.csproj", "{33F4697B-1486-4948-91BB-843CAFAC4C3E}"
EndProject
Project("{888888A0-9F3D-457C-B088-3A5042F75D52}") = "FileSimilarityPython", "FileSimilarityPython\FileSimilarityPython.pyproj", "{1B64239B-BA2E-44E7-B03F-89BE708CF4D2}"
EndProject
Project("{9A19103F-16F7-4668-BE54-9A1E7A4F7556}") = "KeyPass", "KeyPass\KeyPass.csproj", "{50480CBF-D536-4D75-8EF5-FF3D55B9DD9B}"
EndProject
Project("{9A19103F-16F7-4668-BE54-9A1E7A4F7556}") = "FileSystem", "FileSystem\FileSystem.csproj", "{8BD38181-9A1C-4555-99BA-FBD9284F0E08}"
EndProject
Project("{9A19103F-16F7-4668-BE54-9A1E7A4F7556}") = "Extensions", "Extensions\Extensions.csproj", "{20D95030-A828-40BA-A297-D7724DDE1FDA}"
EndProject
Project("{9A19103F-16F7-4668-BE54-9A1E7A4F7556}") = "FileSync", "FileSync\FileSync.csproj", "{60752FC6-DFD7-4659-A39C-FB6685870DD8}"
EndProject
Global
	GlobalSection(SolutionConfigurationPlatforms) = preSolution
		Debug|Any CPU = Debug|Any CPU
		Release|Any CPU = Release|Any CPU
	EndGlobalSection
	GlobalSection(ProjectConfigurationPlatforms) = postSolution
		{DD507DF2-04AD-4016-AC47-A5FBC3010424}.Debug|Any CPU.ActiveCfg = Debug|Any CPU
		{DD507DF2-04AD-4016-AC47-A5FBC3010424}.Debug|Any CPU.Build.0 = Debug|Any CPU
		{DD507DF2-04AD-4016-AC47-A5FBC3010424}.Release|Any CPU.ActiveCfg = Release|Any CPU
		{DD507DF2-04AD-4016-AC47-A5FBC3010424}.Release|Any CPU.Build.0 = Release|Any CPU
		{6BCEE51D-A529-42CD-9A3C-D40C8B5D3511}.Debug|Any CPU.ActiveCfg = Debug|Any CPU
		{6BCEE51D-A529-42CD-9A3C-D40C8B5D3511}.Debug|Any CPU.Build.0 = Debug|Any CPU
		{6BCEE51D-A529-42CD-9A3C-D40C8B5D3511}.Release|Any CPU.ActiveCfg = Release|Any CPU
		{6BCEE51D-A529-42CD-9A3C-D40C8B5D3511}.Release|Any CPU.Build.0 = Release|Any CPU
		{8638467A-16FD-41FA-B5C9-7ADB221A31CB}.Debug|Any CPU.ActiveCfg = Debug|Any CPU
		{8638467A-16FD-41FA-B5C9-7ADB221A31CB}.Debug|Any CPU.Build.0 = Debug|Any CPU
		{8638467A-16FD-41FA-B5C9-7ADB221A31CB}.Release|Any CPU.ActiveCfg = Release|Any CPU
		{8638467A-16FD-41FA-B5C9-7ADB221A31CB}.Release|Any CPU.Build.0 = Release|Any CPU
		{EBAE7CB5-4133-47BD-8020-A393633088CA}.Debug|Any CPU.ActiveCfg = Debug|Any CPU
		{EBAE7CB5-4133-47BD-8020-A393633088CA}.Debug|Any CPU.Build.0 = Debug|Any CPU
		{EBAE7CB5-4133-47BD-8020-A393633088CA}.Release|Any CPU.ActiveCfg = Release|Any CPU
		{EBAE7CB5-4133-47BD-8020-A393633088CA}.Release|Any CPU.Build.0 = Release|Any CPU
		{A1A2A67C-4286-448C-86C4-5FE13AA47C38}.Debug|Any CPU.ActiveCfg = Debug|Any CPU
		{A1A2A67C-4286-448C-86C4-5FE13AA47C38}.Debug|Any CPU.Build.0 = Debug|Any CPU
		{A1A2A67C-4286-448C-86C4-5FE13AA47C38}.Release|Any CPU.ActiveCfg = Release|Any CPU
		{A1A2A67C-4286-448C-86C4-5FE13AA47C38}.Release|Any CPU.Build.0 = Release|Any CPU
		{2DD59568-7198-456C-A84F-3CC912A0A78E}.Debug|Any CPU.ActiveCfg = Debug|Any CPU
		{2DD59568-7198-456C-A84F-3CC912A0A78E}.Debug|Any CPU.Build.0 = Debug|Any CPU
		{2DD59568-7198-456C-A84F-3CC912A0A78E}.Release|Any CPU.ActiveCfg = Release|Any CPU
		{2DD59568-7198-456C-A84F-3CC912A0A78E}.Release|Any CPU.Build.0 = Release|Any CPU
		{6B53BB2B-0DC0-45E5-ABDE-EFE384829E98}.Debug|Any CPU.ActiveCfg = Debug|Any CPU
		{6B53BB2B-0DC0-45E5-ABDE-EFE384829E98}.Debug|Any CPU.Build.0 = Debug|Any CPU
		{6B53BB2B-0DC0-45E5-ABDE-EFE384829E98}.Release|Any CPU.ActiveCfg = Release|Any CPU
		{6B53BB2B-0DC0-45E5-ABDE-EFE384829E98}.Release|Any CPU.Build.0 = Release|Any CPU
		{33F4697B-1486-4948-91BB-843CAFAC4C3E}.Debug|Any CPU.ActiveCfg = Debug|Any CPU
		{33F4697B-1486-4948-91BB-843CAFAC4C3E}.Debug|Any CPU.Build.0 = Debug|Any CPU
		{33F4697B-1486-4948-91BB-843CAFAC4C3E}.Release|Any CPU.ActiveCfg = Release|Any CPU
		{33F4697B-1486-4948-91BB-843CAFAC4C3E}.Release|Any CPU.Build.0 = Release|Any CPU
		{1B64239B-BA2E-44E7-B03F-89BE708CF4D2}.Debug|Any CPU.ActiveCfg = Debug|Any CPU
		{1B64239B-BA2E-44E7-B03F-89BE708CF4D2}.Release|Any CPU.ActiveCfg = Release|Any CPU
		{50480CBF-D536-4D75-8EF5-FF3D55B9DD9B}.Debug|Any CPU.ActiveCfg = Debug|Any CPU
		{50480CBF-D536-4D75-8EF5-FF3D55B9DD9B}.Debug|Any CPU.Build.0 = Debug|Any CPU
		{50480CBF-D536-4D75-8EF5-FF3D55B9DD9B}.Release|Any CPU.ActiveCfg = Release|Any CPU
		{50480CBF-D536-4D75-8EF5-FF3D55B9DD9B}.Release|Any CPU.Build.0 = Release|Any CPU
		{8BD38181-9A1C-4555-99BA-FBD9284F0E08}.Debug|Any CPU.ActiveCfg = Debug|Any CPU
		{8BD38181-9A1C-4555-99BA-FBD9284F0E08}.Debug|Any CPU.Build.0 = Debug|Any CPU
		{8BD38181-9A1C-4555-99BA-FBD9284F0E08}.Release|Any CPU.ActiveCfg = Release|Any CPU
		{8BD38181-9A1C-4555-99BA-FBD9284F0E08}.Release|Any CPU.Build.0 = Release|Any CPU
		{20D95030-A828-40BA-A297-D7724DDE1FDA}.Debug|Any CPU.ActiveCfg = Debug|Any CPU
		{20D95030-A828-40BA-A297-D7724DDE1FDA}.Debug|Any CPU.Build.0 = Debug|Any CPU
		{20D95030-A828-40BA-A297-D7724DDE1FDA}.Release|Any CPU.ActiveCfg = Release|Any CPU
		{20D95030-A828-40BA-A297-D7724DDE1FDA}.Release|Any CPU.Build.0 = Release|Any CPU
		{60752FC6-DFD7-4659-A39C-FB6685870DD8}.Debug|Any CPU.ActiveCfg = Debug|Any CPU
		{60752FC6-DFD7-4659-A39C-FB6685870DD8}.Debug|Any CPU.Build.0 = Debug|Any CPU
		{60752FC6-DFD7-4659-A39C-FB6685870DD8}.Release|Any CPU.ActiveCfg = Release|Any CPU
		{60752FC6-DFD7-4659-A39C-FB6685870DD8}.Release|Any CPU.Build.0 = Release|Any CPU
	EndGlobalSection
	GlobalSection(SolutionProperties) = preSolution
		HideSolutionNode = FALSE
	EndGlobalSection
	GlobalSection(ExtensibilityGlobals) = postSolution
		SolutionGuid = {4F6F1B96-5722-46E9-AB15-FB6258779523}
	EndGlobalSection
EndGlobal
