
Microsoft Visual Studio Solution File, Format Version 12.00
# Visual Studio Version 17
VisualStudioVersion = 17.1.32328.378
MinimumVisualStudioVersion = 10.0.40219.1
Project("{9A19103F-16F7-4668-BE54-9A1E7A4F7556}") = "Main", "Main\Main.csproj", "{8638467A-16FD-41FA-B5C9-7ADB221A31CB}"
EndProject
Project("{FAE04EC0-301F-11D3-BF4B-00C04F79EFBC}") = "SynchronousServerSocket", "SynchronousServerSocket\SynchronousServerSocket.csproj", "{EBAE7CB5-4133-47BD-8020-A393633088CA}"
EndProject
Project("{FAE04EC0-301F-11D3-BF4B-00C04F79EFBC}") = "SynchronousClientSocket", "SynchronoushClientSocket\SynchronousClientSocket.csproj", "{A1A2A67C-4286-448C-86C4-5FE13AA47C38}"
EndProject
Project("{9A19103F-16F7-4668-BE54-9A1E7A4F7556}") = "FileCleaning", "FileCleaning\FileCleaning.csproj", "{6B53BB2B-0DC0-45E5-ABDE-EFE384829E98}"
EndProject
Project("{9A19103F-16F7-4668-BE54-9A1E7A4F7556}") = "FileSimiliarity", "FileSimiliarity\FileSimiliarity.csproj", "{33F4697B-1486-4948-91BB-843CAFAC4C3E}"
EndProject
Project("{888888A0-9F3D-457C-B088-3A5042F75D52}") = "FileSimilarityPython", "FileSimilarityPython\FileSimilarityPython.pyproj", "{1B64239B-BA2E-44E7-B03F-89BE708CF4D2}"
EndProject
Project("{9A19103F-16F7-4668-BE54-9A1E7A4F7556}") = "FileSystem", "FileSystem\FileSystem.csproj", "{8BD38181-9A1C-4555-99BA-FBD9284F0E08}"
EndProject
Project("{9A19103F-16F7-4668-BE54-9A1E7A4F7556}") = "Extensions", "Extensions\Extensions.csproj", "{20D95030-A828-40BA-A297-D7724DDE1FDA}"
EndProject
Project("{9A19103F-16F7-4668-BE54-9A1E7A4F7556}") = "FileSync", "FileSync\FileSync.csproj", "{60752FC6-DFD7-4659-A39C-FB6685870DD8}"
EndProject
Project("{9A19103F-16F7-4668-BE54-9A1E7A4F7556}") = "LeetCode", "LeetCode\LeetCode.csproj", "{2BE9FB7E-92D6-4651-8156-EDC9ED57C885}"
EndProject
Project("{FAE04EC0-301F-11D3-BF4B-00C04F79EFBC}") = "NGram", "NGram\NGram.csproj", "{B80A3384-586A-4F1F-89C6-A0EF0F13B992}"
EndProject
Project("{9A19103F-16F7-4668-BE54-9A1E7A4F7556}") = "MathLib", "MathLib\MathLib.csproj", "{5A188463-F5E5-49A2-ACEF-084928A07CB0}"
EndProject
Project("{9A19103F-16F7-4668-BE54-9A1E7A4F7556}") = "UnitTestProject", "UnitTestProject\UnitTestProject.csproj", "{78A97318-806E-4E40-8C05-7C6DB1A37332}"
EndProject
Project("{9A19103F-16F7-4668-BE54-9A1E7A4F7556}") = "Graphics", "Graphics\Graphics.csproj", "{C6D79228-FD38-4FCC-BD69-9F7922DB3963}"
EndProject
Project("{2150E333-8FDC-42A3-9474-1A3956D46DE8}") = "Solution Items", "Solution Items", "{DDE6BF8F-3209-4154-9B6E-448299B8E432}"
	ProjectSection(SolutionItems) = preProject
		.editorconfig = .editorconfig
	EndProjectSection
EndProject
Project("{FAE04EC0-301F-11D3-BF4B-00C04F79EFBC}") = "AudioToggleService", "AudioToggleService\AudioToggleService.csproj", "{1767AEF8-D47C-4C48-9927-DEAD200C6FA4}"
EndProject
Project("{FAE04EC0-301F-11D3-BF4B-00C04F79EFBC}") = "AudioToggle", "AudioToggle\AudioToggle.csproj", "{BCDA8FE1-3263-42C9-ACAD-77C7C2E004FB}"
EndProject
Global
	GlobalSection(SolutionConfigurationPlatforms) = preSolution
		Debug|Any CPU = Debug|Any CPU
		Release|Any CPU = Release|Any CPU
	EndGlobalSection
	GlobalSection(ProjectConfigurationPlatforms) = postSolution
		{8638467A-16FD-41FA-B5C9-7ADB221A31CB}.Debug|Any CPU.ActiveCfg = Debug|Any CPU
		{8638467A-16FD-41FA-B5C9-7ADB221A31CB}.Debug|Any CPU.Build.0 = Debug|Any CPU
		{8638467A-16FD-41FA-B5C9-7ADB221A31CB}.Release|Any CPU.ActiveCfg = Release|Any CPU
		{8638467A-16FD-41FA-B5C9-7ADB221A31CB}.Release|Any CPU.Build.0 = Release|Any CPU
		{EBAE7CB5-4133-47BD-8020-A393633088CA}.Debug|Any CPU.ActiveCfg = Debug|Any CPU
		{EBAE7CB5-4133-47BD-8020-A393633088CA}.Debug|Any CPU.Build.0 = Debug|Any CPU
		{EBAE7CB5-4133-47BD-8020-A393633088CA}.Release|Any CPU.ActiveCfg = Release|Any CPU
		{EBAE7CB5-4133-47BD-8020-A393633088CA}.Release|Any CPU.Build.0 = Release|Any CPU
		{A1A2A67C-4286-448C-86C4-5FE13AA47C38}.Debug|Any CPU.ActiveCfg = Debug|Any CPU
		{A1A2A67C-4286-448C-86C4-5FE13AA47C38}.Debug|Any CPU.Build.0 = Debug|Any CPU
		{A1A2A67C-4286-448C-86C4-5FE13AA47C38}.Release|Any CPU.ActiveCfg = Release|Any CPU
		{A1A2A67C-4286-448C-86C4-5FE13AA47C38}.Release|Any CPU.Build.0 = Release|Any CPU
		{6B53BB2B-0DC0-45E5-ABDE-EFE384829E98}.Debug|Any CPU.ActiveCfg = Debug|Any CPU
		{6B53BB2B-0DC0-45E5-ABDE-EFE384829E98}.Debug|Any CPU.Build.0 = Debug|Any CPU
		{6B53BB2B-0DC0-45E5-ABDE-EFE384829E98}.Release|Any CPU.ActiveCfg = Release|Any CPU
		{6B53BB2B-0DC0-45E5-ABDE-EFE384829E98}.Release|Any CPU.Build.0 = Release|Any CPU
		{33F4697B-1486-4948-91BB-843CAFAC4C3E}.Debug|Any CPU.ActiveCfg = Debug|Any CPU
		{33F4697B-1486-4948-91BB-843CAFAC4C3E}.Debug|Any CPU.Build.0 = Debug|Any CPU
		{33F4697B-1486-4948-91BB-843CAFAC4C3E}.Release|Any CPU.ActiveCfg = Release|Any CPU
		{33F4697B-1486-4948-91BB-843CAFAC4C3E}.Release|Any CPU.Build.0 = Release|Any CPU
		{1B64239B-BA2E-44E7-B03F-89BE708CF4D2}.Debug|Any CPU.ActiveCfg = Debug|Any CPU
		{1B64239B-BA2E-44E7-B03F-89BE708CF4D2}.Release|Any CPU.ActiveCfg = Release|Any CPU
		{8BD38181-9A1C-4555-99BA-FBD9284F0E08}.Debug|Any CPU.ActiveCfg = Debug|Any CPU
		{8BD38181-9A1C-4555-99BA-FBD9284F0E08}.Debug|Any CPU.Build.0 = Debug|Any CPU
		{8BD38181-9A1C-4555-99BA-FBD9284F0E08}.Release|Any CPU.ActiveCfg = Release|Any CPU
		{8BD38181-9A1C-4555-99BA-FBD9284F0E08}.Release|Any CPU.Build.0 = Release|Any CPU
		{20D95030-A828-40BA-A297-D7724DDE1FDA}.Debug|Any CPU.ActiveCfg = Debug|Any CPU
		{20D95030-A828-40BA-A297-D7724DDE1FDA}.Debug|Any CPU.Build.0 = Debug|Any CPU
		{20D95030-A828-40BA-A297-D7724DDE1FDA}.Release|Any CPU.ActiveCfg = Release|Any CPU
		{20D95030-A828-40BA-A297-D7724DDE1FDA}.Release|Any CPU.Build.0 = Release|Any CPU
		{60752FC6-DFD7-4659-A39C-FB6685870DD8}.Debug|Any CPU.ActiveCfg = Debug|Any CPU
		{60752FC6-DFD7-4659-A39C-FB6685870DD8}.Debug|Any CPU.Build.0 = Debug|Any CPU
		{60752FC6-DFD7-4659-A39C-FB6685870DD8}.Release|Any CPU.ActiveCfg = Release|Any CPU
		{60752FC6-DFD7-4659-A39C-FB6685870DD8}.Release|Any CPU.Build.0 = Release|Any CPU
		{2BE9FB7E-92D6-4651-8156-EDC9ED57C885}.Debug|Any CPU.ActiveCfg = Debug|Any CPU
		{2BE9FB7E-92D6-4651-8156-EDC9ED57C885}.Debug|Any CPU.Build.0 = Debug|Any CPU
		{2BE9FB7E-92D6-4651-8156-EDC9ED57C885}.Release|Any CPU.ActiveCfg = Release|Any CPU
		{2BE9FB7E-92D6-4651-8156-EDC9ED57C885}.Release|Any CPU.Build.0 = Release|Any CPU
		{B80A3384-586A-4F1F-89C6-A0EF0F13B992}.Debug|Any CPU.ActiveCfg = Debug|Any CPU
		{B80A3384-586A-4F1F-89C6-A0EF0F13B992}.Debug|Any CPU.Build.0 = Debug|Any CPU
		{B80A3384-586A-4F1F-89C6-A0EF0F13B992}.Release|Any CPU.ActiveCfg = Release|Any CPU
		{B80A3384-586A-4F1F-89C6-A0EF0F13B992}.Release|Any CPU.Build.0 = Release|Any CPU
		{5A188463-F5E5-49A2-ACEF-084928A07CB0}.Debug|Any CPU.ActiveCfg = Debug|Any CPU
		{5A188463-F5E5-49A2-ACEF-084928A07CB0}.Debug|Any CPU.Build.0 = Debug|Any CPU
		{5A188463-F5E5-49A2-ACEF-084928A07CB0}.Release|Any CPU.ActiveCfg = Release|Any CPU
		{5A188463-F5E5-49A2-ACEF-084928A07CB0}.Release|Any CPU.Build.0 = Release|Any CPU
		{78A97318-806E-4E40-8C05-7C6DB1A37332}.Debug|Any CPU.ActiveCfg = Debug|Any CPU
		{78A97318-806E-4E40-8C05-7C6DB1A37332}.Debug|Any CPU.Build.0 = Debug|Any CPU
		{78A97318-806E-4E40-8C05-7C6DB1A37332}.Release|Any CPU.ActiveCfg = Release|Any CPU
		{78A97318-806E-4E40-8C05-7C6DB1A37332}.Release|Any CPU.Build.0 = Release|Any CPU
		{C6D79228-FD38-4FCC-BD69-9F7922DB3963}.Debug|Any CPU.ActiveCfg = Debug|Any CPU
		{C6D79228-FD38-4FCC-BD69-9F7922DB3963}.Debug|Any CPU.Build.0 = Debug|Any CPU
		{C6D79228-FD38-4FCC-BD69-9F7922DB3963}.Release|Any CPU.ActiveCfg = Release|Any CPU
		{C6D79228-FD38-4FCC-BD69-9F7922DB3963}.Release|Any CPU.Build.0 = Release|Any CPU
		{1767AEF8-D47C-4C48-9927-DEAD200C6FA4}.Debug|Any CPU.ActiveCfg = Debug|Any CPU
		{1767AEF8-D47C-4C48-9927-DEAD200C6FA4}.Debug|Any CPU.Build.0 = Debug|Any CPU
		{1767AEF8-D47C-4C48-9927-DEAD200C6FA4}.Release|Any CPU.ActiveCfg = Release|Any CPU
		{1767AEF8-D47C-4C48-9927-DEAD200C6FA4}.Release|Any CPU.Build.0 = Release|Any CPU
		{BCDA8FE1-3263-42C9-ACAD-77C7C2E004FB}.Debug|Any CPU.ActiveCfg = Debug|Any CPU
		{BCDA8FE1-3263-42C9-ACAD-77C7C2E004FB}.Debug|Any CPU.Build.0 = Debug|Any CPU
		{BCDA8FE1-3263-42C9-ACAD-77C7C2E004FB}.Release|Any CPU.ActiveCfg = Release|Any CPU
		{BCDA8FE1-3263-42C9-ACAD-77C7C2E004FB}.Release|Any CPU.Build.0 = Release|Any CPU
	EndGlobalSection
	GlobalSection(SolutionProperties) = preSolution
		HideSolutionNode = FALSE
	EndGlobalSection
	GlobalSection(ExtensibilityGlobals) = postSolution
		SolutionGuid = {4F6F1B96-5722-46E9-AB15-FB6258779523}
	EndGlobalSection
EndGlobal
